
Microsoft Visual Studio Solution File, Format Version 12.00
# Visual Studio Version 16
VisualStudioVersion = 16.0.30320.27
MinimumVisualStudioVersion = 10.0.40219.1
Project("{FAE04EC0-301F-11D3-BF4B-00C04F79EFBC}") = "TextAdventure", "TextAdventure\TextAdventure.csproj", "{2F5731A8-1EB8-4272-80BD-7E0395AA21C5}"
EndProject
Global
	GlobalSection(SolutionConfigurationPlatforms) = preSolution
		Debug|Any CPU = Debug|Any CPU
		Release|Any CPU = Release|Any CPU
	EndGlobalSection
	GlobalSection(ProjectConfigurationPlatforms) = postSolution
		{2F5731A8-1EB8-4272-80BD-7E0395AA21C5}.Debug|Any CPU.ActiveCfg = Debug|Any CPU
		{2F5731A8-1EB8-4272-80BD-7E0395AA21C5}.Debug|Any CPU.Build.0 = Debug|Any CPU
		{2F5731A8-1EB8-4272-80BD-7E0395AA21C5}.Release|Any CPU.ActiveCfg = Release|Any CPU
		{2F5731A8-1EB8-4272-80BD-7E0395AA21C5}.Release|Any CPU.Build.0 = Release|Any CPU
	EndGlobalSection
	GlobalSection(SolutionProperties) = preSolution
		HideSolutionNode = FALSE
	EndGlobalSection
	GlobalSection(ExtensibilityGlobals) = postSolution
		SolutionGuid = {0B925ECA-1FAF-44FC-90E0-42EA134D5E73}
	EndGlobalSection
EndGlobal
